
Microsoft Visual Studio Solution File, Format Version 12.00
# Visual Studio Version 17
VisualStudioVersion = 17.0.31903.59
MinimumVisualStudioVersion = 10.0.40219.1
Project("{FAE04EC0-301F-11D3-BF4B-00C04F79EFBC}") = "Visa.Json.Issuer.Core", "Visa.Json.Issuer.Core.csproj", "{45397173-04FB-4A49-955C-AB4A52687B14}"
EndProject
Global
	GlobalSection(SolutionConfigurationPlatforms) = preSolution
		Debug|Any CPU = Debug|Any CPU
		Release|Any CPU = Release|Any CPU
	EndGlobalSection
	GlobalSection(SolutionProperties) = preSolution
		HideSolutionNode = FALSE
	EndGlobalSection
	GlobalSection(ProjectConfigurationPlatforms) = postSolution
		{45397173-04FB-4A49-955C-AB4A52687B14}.Debug|Any CPU.ActiveCfg = Debug|Any CPU
		{45397173-04FB-4A49-955C-AB4A52687B14}.Debug|Any CPU.Build.0 = Debug|Any CPU
		{45397173-04FB-4A49-955C-AB4A52687B14}.Release|Any CPU.ActiveCfg = Release|Any CPU
		{45397173-04FB-4A49-955C-AB4A52687B14}.Release|Any CPU.Build.0 = Release|Any CPU
	EndGlobalSection
EndGlobal
